
Microsoft Visual Studio Solution File, Format Version 12.00
# Visual Studio Version 17
VisualStudioVersion = 17.5.33424.131
MinimumVisualStudioVersion = 10.0.40219.1
Project("{8BC9CEB8-8B4A-11D0-8D11-00A0C91BC942}") = "GameEngineContents", "GameEngineContents\GameEngineContents.vcxproj", "{D79B8E17-A0E5-4EE8-91FC-1DAB54DA5625}"
EndProject
Project("{8BC9CEB8-8B4A-11D0-8D11-00A0C91BC942}") = "GameEngineCore", "GameEngineCore\GameEngineCore.vcxproj", "{9033E3D0-984E-458F-8989-FFAF39B3E5AA}"
EndProject
Project("{2150E333-8FDC-42A3-9474-1A3956D46DE8}") = "Main", "Main", "{015783EF-995E-4398-A5D8-0A8BD5C298DB}"
EndProject
Project("{2150E333-8FDC-42A3-9474-1A3956D46DE8}") = "Engine", "Engine", "{8C08109E-182C-47EC-9F20-CA02BC1D20EE}"
EndProject
Project("{2150E333-8FDC-42A3-9474-1A3956D46DE8}") = "Contents", "Contents", "{B3C103D4-71C9-461F-8200-44D5EFF17DF9}"
EndProject
Project("{2150E333-8FDC-42A3-9474-1A3956D46DE8}") = "Level0", "Level0", "{E5B125EA-B1E3-4D45-9429-3FFAF304C3B2}"
EndProject
Project("{2150E333-8FDC-42A3-9474-1A3956D46DE8}") = "Level1", "Level1", "{FFF05E66-34DF-4B15-8460-1C9984847FDB}"
EndProject
Project("{8BC9CEB8-8B4A-11D0-8D11-00A0C91BC942}") = "GameEngineBase", "GameEngineBase\GameEngineBase.vcxproj", "{99FC0DEB-3E9E-45EE-AB16-8C6C09544647}"
EndProject
Project("{8BC9CEB8-8B4A-11D0-8D11-00A0C91BC942}") = "GameEnginePlatform", "GameEnginePlatform\GameEnginePlatform.vcxproj", "{3D3D8A4D-8303-4733-A2F9-AFE6C757A795}"
EndProject
Project("{8BC9CEB8-8B4A-11D0-8D11-00A0C91BC942}") = "App", "App\App.vcxproj", "{EF24CAB0-E761-4C71-9109-C070C05C4D5D}"
EndProject
Global
	GlobalSection(SolutionConfigurationPlatforms) = preSolution
		Debug|x64 = Debug|x64
		Debug|x86 = Debug|x86
		Release|x64 = Release|x64
		Release|x86 = Release|x86
	EndGlobalSection
	GlobalSection(ProjectConfigurationPlatforms) = postSolution
		{D79B8E17-A0E5-4EE8-91FC-1DAB54DA5625}.Debug|x64.ActiveCfg = Debug|x64
		{D79B8E17-A0E5-4EE8-91FC-1DAB54DA5625}.Debug|x64.Build.0 = Debug|x64
		{D79B8E17-A0E5-4EE8-91FC-1DAB54DA5625}.Debug|x86.ActiveCfg = Debug|Win32
		{D79B8E17-A0E5-4EE8-91FC-1DAB54DA5625}.Debug|x86.Build.0 = Debug|Win32
		{D79B8E17-A0E5-4EE8-91FC-1DAB54DA5625}.Release|x64.ActiveCfg = Release|x64
		{D79B8E17-A0E5-4EE8-91FC-1DAB54DA5625}.Release|x64.Build.0 = Release|x64
		{D79B8E17-A0E5-4EE8-91FC-1DAB54DA5625}.Release|x86.ActiveCfg = Release|Win32
		{D79B8E17-A0E5-4EE8-91FC-1DAB54DA5625}.Release|x86.Build.0 = Release|Win32
		{9033E3D0-984E-458F-8989-FFAF39B3E5AA}.Debug|x64.ActiveCfg = Debug|x64
		{9033E3D0-984E-458F-8989-FFAF39B3E5AA}.Debug|x64.Build.0 = Debug|x64
		{9033E3D0-984E-458F-8989-FFAF39B3E5AA}.Debug|x86.ActiveCfg = Debug|Win32
		{9033E3D0-984E-458F-8989-FFAF39B3E5AA}.Debug|x86.Build.0 = Debug|Win32
		{9033E3D0-984E-458F-8989-FFAF39B3E5AA}.Release|x64.ActiveCfg = Release|x64
		{9033E3D0-984E-458F-8989-FFAF39B3E5AA}.Release|x64.Build.0 = Release|x64
		{9033E3D0-984E-458F-8989-FFAF39B3E5AA}.Release|x86.ActiveCfg = Release|Win32
		{9033E3D0-984E-458F-8989-FFAF39B3E5AA}.Release|x86.Build.0 = Release|Win32
		{99FC0DEB-3E9E-45EE-AB16-8C6C09544647}.Debug|x64.ActiveCfg = Debug|x64
		{99FC0DEB-3E9E-45EE-AB16-8C6C09544647}.Debug|x64.Build.0 = Debug|x64
		{99FC0DEB-3E9E-45EE-AB16-8C6C09544647}.Debug|x86.ActiveCfg = Debug|Win32
		{99FC0DEB-3E9E-45EE-AB16-8C6C09544647}.Debug|x86.Build.0 = Debug|Win32
		{99FC0DEB-3E9E-45EE-AB16-8C6C09544647}.Release|x64.ActiveCfg = Release|x64
		{99FC0DEB-3E9E-45EE-AB16-8C6C09544647}.Release|x64.Build.0 = Release|x64
		{99FC0DEB-3E9E-45EE-AB16-8C6C09544647}.Release|x86.ActiveCfg = Release|Win32
		{99FC0DEB-3E9E-45EE-AB16-8C6C09544647}.Release|x86.Build.0 = Release|Win32
		{3D3D8A4D-8303-4733-A2F9-AFE6C757A795}.Debug|x64.ActiveCfg = Debug|x64
		{3D3D8A4D-8303-4733-A2F9-AFE6C757A795}.Debug|x64.Build.0 = Debug|x64
		{3D3D8A4D-8303-4733-A2F9-AFE6C757A795}.Debug|x86.ActiveCfg = Debug|Win32
		{3D3D8A4D-8303-4733-A2F9-AFE6C757A795}.Debug|x86.Build.0 = Debug|Win32
		{3D3D8A4D-8303-4733-A2F9-AFE6C757A795}.Release|x64.ActiveCfg = Release|x64
		{3D3D8A4D-8303-4733-A2F9-AFE6C757A795}.Release|x64.Build.0 = Release|x64
		{3D3D8A4D-8303-4733-A2F9-AFE6C757A795}.Release|x86.ActiveCfg = Release|Win32
		{3D3D8A4D-8303-4733-A2F9-AFE6C757A795}.Release|x86.Build.0 = Release|Win32
		{EF24CAB0-E761-4C71-9109-C070C05C4D5D}.Debug|x64.ActiveCfg = Debug|x64
		{EF24CAB0-E761-4C71-9109-C070C05C4D5D}.Debug|x64.Build.0 = Debug|x64
		{EF24CAB0-E761-4C71-9109-C070C05C4D5D}.Debug|x86.ActiveCfg = Debug|Win32
		{EF24CAB0-E761-4C71-9109-C070C05C4D5D}.Debug|x86.Build.0 = Debug|Win32
		{EF24CAB0-E761-4C71-9109-C070C05C4D5D}.Release|x64.ActiveCfg = Release|x64
		{EF24CAB0-E761-4C71-9109-C070C05C4D5D}.Release|x64.Build.0 = Release|x64
		{EF24CAB0-E761-4C71-9109-C070C05C4D5D}.Release|x86.ActiveCfg = Release|Win32
		{EF24CAB0-E761-4C71-9109-C070C05C4D5D}.Release|x86.Build.0 = Release|Win32
	EndGlobalSection
	GlobalSection(SolutionProperties) = preSolution
		HideSolutionNode = FALSE
	EndGlobalSection
	GlobalSection(NestedProjects) = preSolution
		{D79B8E17-A0E5-4EE8-91FC-1DAB54DA5625} = {B3C103D4-71C9-461F-8200-44D5EFF17DF9}
		{9033E3D0-984E-458F-8989-FFAF39B3E5AA} = {FFF05E66-34DF-4B15-8460-1C9984847FDB}
		{E5B125EA-B1E3-4D45-9429-3FFAF304C3B2} = {8C08109E-182C-47EC-9F20-CA02BC1D20EE}
		{FFF05E66-34DF-4B15-8460-1C9984847FDB} = {8C08109E-182C-47EC-9F20-CA02BC1D20EE}
		{99FC0DEB-3E9E-45EE-AB16-8C6C09544647} = {E5B125EA-B1E3-4D45-9429-3FFAF304C3B2}
		{3D3D8A4D-8303-4733-A2F9-AFE6C757A795} = {E5B125EA-B1E3-4D45-9429-3FFAF304C3B2}
		{EF24CAB0-E761-4C71-9109-C070C05C4D5D} = {015783EF-995E-4398-A5D8-0A8BD5C298DB}
	EndGlobalSection
	GlobalSection(ExtensibilityGlobals) = postSolution
		SolutionGuid = {2379A5AD-F6D4-4B38-B381-A29BF26DC795}
	EndGlobalSection
EndGlobal
