<?xml version="1.0" encoding="utf-8"?>
<Project ToolsVersion="4.0" xmlns="http://schemas.microsoft.com/developer/msbuild/2003">
  <ItemGroup>
    <ClInclude Include="ContentsCore.h" />
    <ClInclude Include="TitleLevel.h">
      <Filter>Levels</Filter>
    </ClInclude>
    <ClInclude Include="PlayLevel.h">
      <Filter>Levels</Filter>
    </ClInclude>
    <ClInclude Include="Player.h">
      <Filter>Object</Filter>
    </ClInclude>
    <ClInclude Include="PrecompileHeader.h" />
    <ClInclude Include="PlayerAirPlaneMode.h">
      <Filter>Object</Filter>
    </ClInclude>
    <ClInclude Include="TestLevel.h">
      <Filter>Levels</Filter>
    </ClInclude>
    <ClInclude Include="Zeppling.h">
      <Filter>Object\Hilda\Zeppling</Filter>
    </ClInclude>
    <ClInclude Include="ZepplingBullet.h">
      <Filter>Object\Hilda\Zeppling</Filter>
    </ClInclude>
    <ClInclude Include="BossStageBackGround.h">
      <Filter>Object</Filter>
    </ClInclude>
    <ClInclude Include="Hilda.h">
      <Filter>Object\Hilda</Filter>
    </ClInclude>
    <ClInclude Include="TestObject.h">
      <Filter>Object</Filter>
    </ClInclude>
    <ClInclude Include="Taurus.h">
      <Filter>Object\Hilda</Filter>
    </ClInclude>
    <ClInclude Include="HildaBergLevel.h">
      <Filter>Levels</Filter>
    </ClInclude>
    <ClInclude Include="Sagittarius.h">
      <Filter>Object\Hilda</Filter>
    </ClInclude>
  </ItemGroup>
  <ItemGroup>
    <ClCompile Include="ContentsCore.cpp" />
    <ClCompile Include="TitleLevel.cpp">
      <Filter>Levels</Filter>
    </ClCompile>
    <ClCompile Include="PlayLevel.cpp">
      <Filter>Levels</Filter>
    </ClCompile>
    <ClCompile Include="Player.cpp">
      <Filter>Object</Filter>
    </ClCompile>
    <ClCompile Include="PrecompileHeader.cpp" />
    <ClCompile Include="PlayerAirPlaneMode.cpp">
      <Filter>Object</Filter>
    </ClCompile>
    <ClCompile Include="TestLevel.cpp">
      <Filter>Levels</Filter>
    </ClCompile>
    <ClCompile Include="PlayerAirPlaneModeFSM.cpp">
      <Filter>Object</Filter>
    </ClCompile>
    <ClCompile Include="Hilda.cpp">
      <Filter>Object\Hilda</Filter>
    </ClCompile>
    <ClCompile Include="Zeppling.cpp">
      <Filter>Object\Hilda\Zeppling</Filter>
    </ClCompile>
    <ClCompile Include="ZepplingBullet.cpp">
      <Filter>Object\Hilda\Zeppling</Filter>
    </ClCompile>
    <ClCompile Include="ZepplingFSM.cpp">
      <Filter>Object\Hilda\Zeppling</Filter>
    </ClCompile>
    <ClCompile Include="BossStageBackGround.cpp">
      <Filter>Object</Filter>
    </ClCompile>
    <ClCompile Include="TestObject.cpp">
      <Filter>Object</Filter>
    </ClCompile>
    <ClCompile Include="Taurus.cpp">
      <Filter>Object\Hilda</Filter>
    </ClCompile>
    <ClCompile Include="HildaBergLevel.cpp">
      <Filter>Levels</Filter>
    </ClCompile>
    <ClCompile Include="HildaFSM.cpp">
      <Filter>Object\Hilda</Filter>
    </ClCompile>
    <ClCompile Include="Sagittarius.cpp">
      <Filter>Object\Hilda</Filter>
    </ClCompile>
  </ItemGroup>
  <ItemGroup>
    <Filter Include="Levels">
      <UniqueIdentifier>{3d17108a-64cc-412c-add8-c9f82f90c9e4}</UniqueIdentifier>
    </Filter>
    <Filter Include="Object">
      <UniqueIdentifier>{df11f953-5c45-4952-85fb-a35bec5d2a60}</UniqueIdentifier>
    </Filter>
    <Filter Include="Object\Hilda">
      <UniqueIdentifier>{976a9281-acf5-46a9-9e9d-4b8d15e686b4}</UniqueIdentifier>
    </Filter>
    <Filter Include="Object\Hilda\Zeppling">
      <UniqueIdentifier>{9d644093-d1b7-4645-8400-b6acdc118cff}</UniqueIdentifier>
    </Filter>
  </ItemGroup>
</Project>