<?xml version="1.0" encoding="utf-8"?>
<Project ToolsVersion="4.0" xmlns="http://schemas.microsoft.com/developer/msbuild/2003">
  <ItemGroup>
    <ClInclude Include="ContentsCore.h" />
    <ClInclude Include="TitleLevel.h">
      <Filter>Levels</Filter>
    </ClInclude>
    <ClInclude Include="PlayLevel.h">
      <Filter>Levels</Filter>
    </ClInclude>
    <ClInclude Include="PrecompileHeader.h" />
    <ClInclude Include="TestLevel.h">
      <Filter>Levels</Filter>
    </ClInclude>
    <ClInclude Include="Zeppling.h">
      <Filter>Object\HildaBerg\Zeppling</Filter>
    </ClInclude>
    <ClInclude Include="ZepplingBullet.h">
      <Filter>Object\HildaBerg\Zeppling</Filter>
    </ClInclude>
    <ClInclude Include="HildaBergLevel.h">
      <Filter>Levels</Filter>
    </ClInclude>
    <ClInclude Include="PlayerAirPlaneMode.h">
      <Filter>Object\Player</Filter>
    </ClInclude>
    <ClInclude Include="Gemini.h">
      <Filter>Object\HildaBerg\Boss\Gemini</Filter>
    </ClInclude>
    <ClInclude Include="GeminiOrb.h">
      <Filter>Object\HildaBerg\Boss\Gemini</Filter>
    </ClInclude>
    <ClInclude Include="IntroStoryLevel.h">
      <Filter>Levels</Filter>
    </ClInclude>
    <ClInclude Include="StoryObject.h">
      <Filter>Object</Filter>
    </ClInclude>
    <ClInclude Include="CupheadEnum.h" />
    <ClInclude Include="GeminiOrbScatter.h">
      <Filter>Object\HildaBerg\Boss\Gemini</Filter>
    </ClInclude>
    <ClInclude Include="Moon.h">
      <Filter>Object\HildaBerg\Boss\Moon</Filter>
    </ClInclude>
    <ClInclude Include="HIldaMoonUFO.h">
      <Filter>Object\HildaBerg\Boss\Moon</Filter>
    </ClInclude>
    <ClInclude Include="Sagittarius.h">
      <Filter>Object\HildaBerg\Boss\Sagittarius</Filter>
    </ClInclude>
    <ClInclude Include="SagittariusArrow.h">
      <Filter>Object\HildaBerg\Boss\Sagittarius</Filter>
    </ClInclude>
    <ClInclude Include="LoadingLevel.h">
      <Filter>Levels</Filter>
    </ClInclude>
    <ClInclude Include="LoadingBackGround.h">
      <Filter>Object</Filter>
    </ClInclude>
    <ClInclude Include="Hilda.h">
      <Filter>Object\HildaBerg\Boss\Hilda</Filter>
    </ClInclude>
    <ClInclude Include="HildaHA.h">
      <Filter>Object\HildaBerg\Boss\Hilda</Filter>
    </ClInclude>
    <ClInclude Include="HildaTornado.h">
      <Filter>Object\HildaBerg\Boss\Hilda</Filter>
    </ClInclude>
    <ClInclude Include="Taurus.h">
      <Filter>Object\HildaBerg\Boss\Taurus</Filter>
    </ClInclude>
    <ClInclude Include="Constellation.h">
      <Filter>Object\HildaBerg\Boss</Filter>
    </ClInclude>
    <ClInclude Include="HildaBergBack1.h">
      <Filter>Object\HildaBerg\BackGround</Filter>
    </ClInclude>
    <ClInclude Include="HildaBergBack0.h">
      <Filter>Object\HildaBerg\BackGround</Filter>
    </ClInclude>
    <ClInclude Include="HildaBergBack3.h">
      <Filter>Object\HildaBerg\BackGround</Filter>
    </ClInclude>
    <ClInclude Include="HildaBoss.h">
      <Filter>Object\HildaBerg\Boss</Filter>
    </ClInclude>
    <ClInclude Include="HildaBergBack2.h">
      <Filter>Object\HildaBerg\BackGround</Filter>
    </ClInclude>
    <ClInclude Include="PlayerUI.h">
      <Filter>Object\UI</Filter>
    </ClInclude>
    <ClInclude Include="HildaBergBack.h">
      <Filter>Object\HildaBerg\BackGround</Filter>
    </ClInclude>
    <ClInclude Include="ZepplingBroken.h">
      <Filter>Object\HildaBerg\Zeppling</Filter>
    </ClInclude>
    <ClInclude Include="FadeEffect.h">
      <Filter>PostEffect</Filter>
    </ClInclude>
    <ClInclude Include="Player.h">
      <Filter>Object\Player</Filter>
    </ClInclude>
    <ClInclude Include="GameEnemy.h">
      <Filter>Object\Enermy</Filter>
    </ClInclude>
    <ClInclude Include="GameEnemyAttack.h">
      <Filter>Object\Enermy</Filter>
    </ClInclude>
    <ClInclude Include="GameContentsUIRenderer.h">
      <Filter>Renderer</Filter>
    </ClInclude>
    <ClInclude Include="SagittariusStar.h">
      <Filter>Object\HildaBerg\Boss\Sagittarius</Filter>
    </ClInclude>
    <ClInclude Include="MoonStar.h">
      <Filter>Object\HildaBerg\Boss\Moon</Filter>
    </ClInclude>
    <ClInclude Include="PlayerAirPlaneSmokeEffect.h">
      <Filter>Object\Player\PlayerFX</Filter>
    </ClInclude>
    <ClInclude Include="BoomEffect.h">
      <Filter>Object\Player\PlayerFX</Filter>
    </ClInclude>
    <ClInclude Include="PeaShooter.h">
      <Filter>Object\Player\PlayerWeapon</Filter>
    </ClInclude>
    <ClInclude Include="HildaDashExplodeFX.h">
      <Filter>Object\HildaBerg\HildaFX</Filter>
    </ClInclude>
    <ClInclude Include="HildaDashBackExplodeFX.h">
      <Filter>Object\HildaBerg\HildaFX</Filter>
    </ClInclude>
    <ClInclude Include="HIldaBigCloudFX.h">
      <Filter>Object\HildaBerg\HildaFX</Filter>
    </ClInclude>
    <ClInclude Include="PeashotFX.h">
      <Filter>Object\Player\PlayerWeapon</Filter>
    </ClInclude>
    <ClInclude Include="GameContentsEnemyRenderer.h" />
  </ItemGroup>
  <ItemGroup>
    <ClCompile Include="ContentsCore.cpp" />
    <ClCompile Include="TitleLevel.cpp">
      <Filter>Levels</Filter>
    </ClCompile>
    <ClCompile Include="PlayLevel.cpp">
      <Filter>Levels</Filter>
    </ClCompile>
    <ClCompile Include="PrecompileHeader.cpp" />
    <ClCompile Include="TestLevel.cpp">
      <Filter>Levels</Filter>
    </ClCompile>
    <ClCompile Include="Zeppling.cpp">
      <Filter>Object\HildaBerg\Zeppling</Filter>
    </ClCompile>
    <ClCompile Include="ZepplingBullet.cpp">
      <Filter>Object\HildaBerg\Zeppling</Filter>
    </ClCompile>
    <ClCompile Include="ZepplingFSM.cpp">
      <Filter>Object\HildaBerg\Zeppling</Filter>
    </ClCompile>
    <ClCompile Include="HildaBergLevel.cpp">
      <Filter>Levels</Filter>
    </ClCompile>
    <ClCompile Include="PlayerAirPlaneMode.cpp">
      <Filter>Object\Player</Filter>
    </ClCompile>
    <ClCompile Include="PlayerAirPlaneModeFSM.cpp">
      <Filter>Object\Player</Filter>
    </ClCompile>
    <ClCompile Include="Gemini.cpp">
      <Filter>Object\HildaBerg\Boss\Gemini</Filter>
    </ClCompile>
    <ClCompile Include="GeminiOrb.cpp">
      <Filter>Object\HildaBerg\Boss\Gemini</Filter>
    </ClCompile>
    <ClCompile Include="IntroStoryLevel.cpp">
      <Filter>Levels</Filter>
    </ClCompile>
    <ClCompile Include="StoryObject.cpp">
      <Filter>Object</Filter>
    </ClCompile>
    <ClCompile Include="GeminiOrbScatter.cpp">
      <Filter>Object\HildaBerg\Boss\Gemini</Filter>
    </ClCompile>
    <ClCompile Include="Moon.cpp">
      <Filter>Object\HildaBerg\Boss\Moon</Filter>
    </ClCompile>
    <ClCompile Include="HIldaMoonUFO.cpp">
      <Filter>Object\HildaBerg\Boss\Moon</Filter>
    </ClCompile>
    <ClCompile Include="Sagittarius.cpp">
      <Filter>Object\HildaBerg\Boss\Sagittarius</Filter>
    </ClCompile>
    <ClCompile Include="SagittariusArrow.cpp">
      <Filter>Object\HildaBerg\Boss\Sagittarius</Filter>
    </ClCompile>
    <ClCompile Include="LoadingLevel.cpp">
      <Filter>Levels</Filter>
    </ClCompile>
    <ClCompile Include="LoadingBackGround.cpp">
      <Filter>Object</Filter>
    </ClCompile>
    <ClCompile Include="Hilda.cpp">
      <Filter>Object\HildaBerg\Boss\Hilda</Filter>
    </ClCompile>
    <ClCompile Include="HildaHA.cpp">
      <Filter>Object\HildaBerg\Boss\Hilda</Filter>
    </ClCompile>
    <ClCompile Include="HildaFSM.cpp">
      <Filter>Object\HildaBerg\Boss\Hilda</Filter>
    </ClCompile>
    <ClCompile Include="HildaTornado.cpp">
      <Filter>Object\HildaBerg\Boss\Hilda</Filter>
    </ClCompile>
    <ClCompile Include="Taurus.cpp">
      <Filter>Object\HildaBerg\Boss\Taurus</Filter>
    </ClCompile>
    <ClCompile Include="Constellation.cpp">
      <Filter>Object\HildaBerg\Boss</Filter>
    </ClCompile>
    <ClCompile Include="HildaBergBack1.cpp">
      <Filter>Object\HildaBerg\BackGround</Filter>
    </ClCompile>
    <ClCompile Include="HildaBergBack0.cpp">
      <Filter>Object\HildaBerg\BackGround</Filter>
    </ClCompile>
    <ClCompile Include="HildaBergBack3.cpp">
      <Filter>Object\HildaBerg\BackGround</Filter>
    </ClCompile>
    <ClCompile Include="HildaBoss.cpp">
      <Filter>Object\HildaBerg\Boss</Filter>
    </ClCompile>
    <ClCompile Include="HildaBergBack2.cpp">
      <Filter>Object\HildaBerg\BackGround</Filter>
    </ClCompile>
    <ClCompile Include="PlayerUI.cpp">
      <Filter>Object\UI</Filter>
    </ClCompile>
    <ClCompile Include="HildaBergBack.cpp">
      <Filter>Object\HildaBerg\BackGround</Filter>
    </ClCompile>
    <ClCompile Include="ZepplingBroken.cpp">
      <Filter>Object\HildaBerg\Zeppling</Filter>
    </ClCompile>
    <ClCompile Include="FadeEffect.cpp">
      <Filter>PostEffect</Filter>
    </ClCompile>
    <ClCompile Include="Contents_Resources.cpp" />
    <ClCompile Include="GameEnemy.cpp">
      <Filter>Object\Enermy</Filter>
    </ClCompile>
    <ClCompile Include="GameEnemyAttack.cpp">
      <Filter>Object\Enermy</Filter>
    </ClCompile>
    <ClCompile Include="GameContentsUIRenderer.cpp">
      <Filter>Renderer</Filter>
    </ClCompile>
    <ClCompile Include="SagittariusStar.cpp">
      <Filter>Object\HildaBerg\Boss\Sagittarius</Filter>
    </ClCompile>
    <ClCompile Include="MoonStar.cpp">
      <Filter>Object\HildaBerg\Boss\Moon</Filter>
    </ClCompile>
    <ClCompile Include="PlayerAirPlaneSmokeEffect.cpp">
      <Filter>Object\Player\PlayerFX</Filter>
    </ClCompile>
    <ClCompile Include="BoomEffect.cpp">
      <Filter>Object\Player\PlayerFX</Filter>
    </ClCompile>
    <ClCompile Include="PeaShooter.cpp">
      <Filter>Object\Player\PlayerWeapon</Filter>
    </ClCompile>
    <ClCompile Include="HildaDashExplodeFX.cpp">
      <Filter>Object\HildaBerg\HildaFX</Filter>
    </ClCompile>
    <ClCompile Include="HildaDashBackExplodeFX.cpp">
      <Filter>Object\HildaBerg\HildaFX</Filter>
    </ClCompile>
    <ClCompile Include="HIldaBigCloudFX.cpp">
      <Filter>Object\HildaBerg\HildaFX</Filter>
    </ClCompile>
    <ClCompile Include="PeashotFX.cpp">
      <Filter>Object\Player\PlayerWeapon</Filter>
    </ClCompile>
    <ClCompile Include="Player.cpp">
      <Filter>Object\Player</Filter>
    </ClCompile>
    <ClCompile Include="GameContentsEnemyRenderer.cpp" />
  </ItemGroup>
  <ItemGroup>
    <Filter Include="Levels">
      <UniqueIdentifier>{3d17108a-64cc-412c-add8-c9f82f90c9e4}</UniqueIdentifier>
    </Filter>
    <Filter Include="Object">
      <UniqueIdentifier>{df11f953-5c45-4952-85fb-a35bec5d2a60}</UniqueIdentifier>
    </Filter>
    <Filter Include="Object\Player">
      <UniqueIdentifier>{e7adc67c-0283-495a-aaa9-0ae686da5684}</UniqueIdentifier>
    </Filter>
    <Filter Include="Object\HildaBerg">
      <UniqueIdentifier>{976a9281-acf5-46a9-9e9d-4b8d15e686b4}</UniqueIdentifier>
    </Filter>
    <Filter Include="Object\HildaBerg\Zeppling">
      <UniqueIdentifier>{9d644093-d1b7-4645-8400-b6acdc118cff}</UniqueIdentifier>
    </Filter>
    <Filter Include="Object\HildaBerg\Boss">
      <UniqueIdentifier>{50503fed-aa62-4064-a8b7-3e49b6630a41}</UniqueIdentifier>
    </Filter>
    <Filter Include="Object\HildaBerg\Boss\Gemini">
      <UniqueIdentifier>{ae8d24fa-934a-4998-82a5-a062d86fc038}</UniqueIdentifier>
    </Filter>
    <Filter Include="Object\HildaBerg\Boss\Moon">
      <UniqueIdentifier>{f957530c-b2ba-4945-9ca7-a56397d718a9}</UniqueIdentifier>
    </Filter>
    <Filter Include="Object\HildaBerg\Boss\Sagittarius">
      <UniqueIdentifier>{ecd41479-fdd4-4133-a550-fde0922c2d51}</UniqueIdentifier>
    </Filter>
    <Filter Include="Object\HildaBerg\Boss\Hilda">
      <UniqueIdentifier>{2d836fdd-a29b-4419-9f14-960ee19af8b8}</UniqueIdentifier>
    </Filter>
    <Filter Include="Object\HildaBerg\Boss\Taurus">
      <UniqueIdentifier>{cdec2553-cc9b-4801-8519-715cc534a267}</UniqueIdentifier>
    </Filter>
    <Filter Include="Object\HildaBerg\BackGround">
      <UniqueIdentifier>{f69b685b-52d1-4860-89dc-11d186cc729d}</UniqueIdentifier>
    </Filter>
    <Filter Include="Object\UI">
      <UniqueIdentifier>{550ac69d-4a2d-4d6a-8149-f26dce75adc3}</UniqueIdentifier>
    </Filter>
    <Filter Include="Renderer">
      <UniqueIdentifier>{216717de-ca5b-4eeb-b55a-a9aa3cee7921}</UniqueIdentifier>
    </Filter>
    <Filter Include="PostEffect">
      <UniqueIdentifier>{efe8a6b9-40c2-4473-804a-d91690d9b784}</UniqueIdentifier>
    </Filter>
    <Filter Include="Object\Enermy">
      <UniqueIdentifier>{38a85205-c060-4ebf-a603-11b466ada88a}</UniqueIdentifier>
    </Filter>
    <Filter Include="Object\Player\PlayerFX">
      <UniqueIdentifier>{c18bd24c-73e4-4bf7-8a20-648459c99a07}</UniqueIdentifier>
    </Filter>
    <Filter Include="Object\Player\PlayerWeapon">
      <UniqueIdentifier>{ddd14ce1-bd03-40ca-ab60-75b279f5d4a1}</UniqueIdentifier>
    </Filter>
    <Filter Include="Object\HildaBerg\HildaFX">
      <UniqueIdentifier>{39a0df52-ad1c-47d3-b07d-41cf61496ab1}</UniqueIdentifier>
    </Filter>
  </ItemGroup>
</Project>