<?xml version="1.0" encoding="utf-8"?>
<Project ToolsVersion="4.0" xmlns="http://schemas.microsoft.com/developer/msbuild/2003">
  <ItemGroup>
    <ClInclude Include="ContentsCore.h" />
    <ClInclude Include="PlayLevel.h">
      <Filter>Levels</Filter>
    </ClInclude>
    <ClInclude Include="PrecompileHeader.h" />
    <ClInclude Include="TestLevel.h">
      <Filter>Levels</Filter>
    </ClInclude>
    <ClInclude Include="Zeppling.h">
      <Filter>Object\HildaBerg\Zeppling</Filter>
    </ClInclude>
    <ClInclude Include="ZepplingBullet.h">
      <Filter>Object\HildaBerg\Zeppling</Filter>
    </ClInclude>
    <ClInclude Include="HildaBergLevel.h">
      <Filter>Levels</Filter>
    </ClInclude>
    <ClInclude Include="Gemini.h">
      <Filter>Object\HildaBerg\Boss\Gemini</Filter>
    </ClInclude>
    <ClInclude Include="GeminiOrb.h">
      <Filter>Object\HildaBerg\Boss\Gemini</Filter>
    </ClInclude>
    <ClInclude Include="StoryLevel.h">
      <Filter>Levels</Filter>
    </ClInclude>
    <ClInclude Include="CupheadEnum.h" />
    <ClInclude Include="GeminiOrbScatter.h">
      <Filter>Object\HildaBerg\Boss\Gemini</Filter>
    </ClInclude>
    <ClInclude Include="Moon.h">
      <Filter>Object\HildaBerg\Boss\Moon</Filter>
    </ClInclude>
    <ClInclude Include="HIldaMoonUFO.h">
      <Filter>Object\HildaBerg\Boss\Moon</Filter>
    </ClInclude>
    <ClInclude Include="Sagittarius.h">
      <Filter>Object\HildaBerg\Boss\Sagittarius</Filter>
    </ClInclude>
    <ClInclude Include="SagittariusArrow.h">
      <Filter>Object\HildaBerg\Boss\Sagittarius</Filter>
    </ClInclude>
    <ClInclude Include="Hilda.h">
      <Filter>Object\HildaBerg\Boss\Hilda</Filter>
    </ClInclude>
    <ClInclude Include="HildaHA.h">
      <Filter>Object\HildaBerg\Boss\Hilda</Filter>
    </ClInclude>
    <ClInclude Include="HildaTornado.h">
      <Filter>Object\HildaBerg\Boss\Hilda</Filter>
    </ClInclude>
    <ClInclude Include="Taurus.h">
      <Filter>Object\HildaBerg\Boss\Taurus</Filter>
    </ClInclude>
    <ClInclude Include="Constellation.h">
      <Filter>Object\HildaBerg\Boss</Filter>
    </ClInclude>
    <ClInclude Include="HildaBergBack1.h">
      <Filter>Object\HildaBerg\BackGround</Filter>
    </ClInclude>
    <ClInclude Include="HildaBergBack0.h">
      <Filter>Object\HildaBerg\BackGround</Filter>
    </ClInclude>
    <ClInclude Include="HildaBergBack3.h">
      <Filter>Object\HildaBerg\BackGround</Filter>
    </ClInclude>
    <ClInclude Include="HildaBoss.h">
      <Filter>Object\HildaBerg\Boss</Filter>
    </ClInclude>
    <ClInclude Include="HildaBergBack2.h">
      <Filter>Object\HildaBerg\BackGround</Filter>
    </ClInclude>
    <ClInclude Include="PlayerUI.h">
      <Filter>Object\UI</Filter>
    </ClInclude>
    <ClInclude Include="HildaBergBack.h">
      <Filter>Object\HildaBerg\BackGround</Filter>
    </ClInclude>
    <ClInclude Include="ZepplingBroken.h">
      <Filter>Object\HildaBerg\Zeppling</Filter>
    </ClInclude>
    <ClInclude Include="FadeEffect.h">
      <Filter>PostEffect</Filter>
    </ClInclude>
    <ClInclude Include="Player.h">
      <Filter>Object\Player</Filter>
    </ClInclude>
    <ClInclude Include="GameEnemy.h">
      <Filter>Object\Enermy</Filter>
    </ClInclude>
    <ClInclude Include="GameContentsUIRenderer.h">
      <Filter>Renderer</Filter>
    </ClInclude>
    <ClInclude Include="SagittariusStar.h">
      <Filter>Object\HildaBerg\Boss\Sagittarius</Filter>
    </ClInclude>
    <ClInclude Include="MoonStar.h">
      <Filter>Object\HildaBerg\Boss\Moon</Filter>
    </ClInclude>
    <ClInclude Include="PlayerAirPlaneSmokeEffect.h">
      <Filter>Object\Player\PlayerFX</Filter>
    </ClInclude>
    <ClInclude Include="BoomEffect.h">
      <Filter>Object\Player\PlayerFX</Filter>
    </ClInclude>
    <ClInclude Include="PeaShooter.h">
      <Filter>Object\Player\AirPlane\PlayerWeapon</Filter>
    </ClInclude>
    <ClInclude Include="HildaDashExplodeFX.h">
      <Filter>Object\HildaBerg\HildaFX</Filter>
    </ClInclude>
    <ClInclude Include="HildaDashBackExplodeFX.h">
      <Filter>Object\HildaBerg\HildaFX</Filter>
    </ClInclude>
    <ClInclude Include="HildaBigCloudFX.h">
      <Filter>Object\HildaBerg\HildaFX</Filter>
    </ClInclude>
    <ClInclude Include="PeashotFX.h">
      <Filter>Object\Player\AirPlane\PlayerWeapon</Filter>
    </ClInclude>
    <ClInclude Include="GetReadyUI.h">
      <Filter>Object\UI</Filter>
    </ClInclude>
    <ClInclude Include="ChangeSuperModeEffect.h">
      <Filter>Object\Player\PlayerFX</Filter>
    </ClInclude>
    <ClInclude Include="SupermodeShadowEffect.h">
      <Filter>Object\Player\PlayerFX</Filter>
    </ClInclude>
    <ClInclude Include="KnockOutUI.h">
      <Filter>Object\UI</Filter>
    </ClInclude>
    <ClInclude Include="TutorialLevel.h">
      <Filter>Levels</Filter>
    </ClInclude>
    <ClInclude Include="PlayerAirPlaneMode.h">
      <Filter>Object\Player\AirPlane</Filter>
    </ClInclude>
    <ClInclude Include="ResultLevel.h">
      <Filter>Levels</Filter>
    </ClInclude>
    <ClInclude Include="GameContentsEnemyRenderer.h">
      <Filter>Renderer</Filter>
    </ClInclude>
    <ClInclude Include="StoryObject.h">
      <Filter>Object\Story</Filter>
    </ClInclude>
    <ClInclude Include="TutorialBackGround.h">
      <Filter>Object\Tutorial</Filter>
    </ClInclude>
    <ClInclude Include="TitleLevel.h">
      <Filter>Levels</Filter>
    </ClInclude>
    <ClInclude Include="CardUI.h">
      <Filter>Object\UI</Filter>
    </ClInclude>
    <ClInclude Include="OverWorldLevel.h">
      <Filter>Levels</Filter>
    </ClInclude>
    <ClInclude Include="HildaBergBack4.h">
      <Filter>Object\HildaBerg\BackGround</Filter>
    </ClInclude>
    <ClInclude Include="HildaBergBack5.h">
      <Filter>Object\HildaBerg\BackGround</Filter>
    </ClInclude>
    <ClInclude Include="LoadingBackGround.h">
      <Filter>Object\Loading</Filter>
    </ClInclude>
    <ClInclude Include="OverWorldBack.h">
      <Filter>Object\OverWrold</Filter>
    </ClInclude>
    <ClInclude Include="PlayerOverWorldMode.h">
      <Filter>Object\Player\OverWorld</Filter>
    </ClInclude>
    <ClInclude Include="postitionkit.h">
      <Filter>IMGUI</Filter>
    </ClInclude>
    <ClInclude Include="OverWorldBush.h">
      <Filter>Object\OverWrold</Filter>
    </ClInclude>
    <ClInclude Include="WallyLevel.h">
      <Filter>Levels</Filter>
    </ClInclude>
    <ClInclude Include="WallyBoss.h">
      <Filter>Object\Wally\Boss</Filter>
    </ClInclude>
    <ClInclude Include="YouDieUI.h">
      <Filter>Object\UI</Filter>
    </ClInclude>
    <ClInclude Include="WallyBack.h">
      <Filter>Object\Wally\BackGround</Filter>
    </ClInclude>
    <ClInclude Include="ContentsSortRenderer.h">
      <Filter>Renderer</Filter>
    </ClInclude>
    <ClInclude Include="Wally1.h">
      <Filter>Object\Wally\Boss\Phase1</Filter>
    </ClInclude>
    <ClInclude Include="Wally1_Egg_Spin.h">
      <Filter>Object\Wally\Boss\Phase1</Filter>
    </ClInclude>
    <ClInclude Include="Wally1_Egg_Pieces.h">
      <Filter>Object\Wally\Boss\Phase1</Filter>
    </ClInclude>
    <ClInclude Include="OldFilmEffect.h">
      <Filter>PostEffect</Filter>
    </ClInclude>
    <ClInclude Include="Wally1_Bullet.h">
      <Filter>Object\Wally\Boss\Phase1</Filter>
    </ClInclude>
    <ClInclude Include="Wally1_Feather.h">
      <Filter>Object\Wally\Boss\Phase1</Filter>
    </ClInclude>
    <ClInclude Include="FlappyBird.h">
      <Filter>Object\Wally\Boss\Phase1</Filter>
    </ClInclude>
    <ClInclude Include="Wally2.h">
      <Filter>Object\Wally\Boss\Phase2</Filter>
    </ClInclude>
    <ClInclude Include="Wally2_Bullet.h">
      <Filter>Object\Wally\Boss\Phase2</Filter>
    </ClInclude>
    <ClInclude Include="Wally2_Egg.h">
      <Filter>Object\Wally\Boss\Phase2</Filter>
    </ClInclude>
    <ClInclude Include="Wally1_House_Death.h">
      <Filter>Object\Wally\Boss\Phase2</Filter>
    </ClInclude>
    <ClInclude Include="Wally3.h">
      <Filter>Object\Wally\Boss\Phase3</Filter>
    </ClInclude>
    <ClInclude Include="Wally3_LeftBird.h">
      <Filter>Object\Wally\Boss\Phase3</Filter>
    </ClInclude>
    <ClInclude Include="Wally3_RightBird.h">
      <Filter>Object\Wally\Boss\Phase3</Filter>
    </ClInclude>
    <ClInclude Include="Wally3_Salt.h">
      <Filter>Object\Wally\Boss\Phase3</Filter>
    </ClInclude>
    <ClInclude Include="Wally3_Pepper.h">
      <Filter>Object\Wally\Boss\Phase3</Filter>
    </ClInclude>
    <ClInclude Include="Wally3_Pill.h">
      <Filter>Object\Wally\Boss\Phase3</Filter>
    </ClInclude>
    <ClInclude Include="Wally3_Pill_Piece.h">
      <Filter>Object\Wally\Boss\Phase3</Filter>
    </ClInclude>
    <ClInclude Include="Wally3_Garbages.h">
      <Filter>Object\Wally\Boss\Phase3</Filter>
    </ClInclude>
    <ClInclude Include="Wally3_Heart.h">
      <Filter>Object\Wally\Boss\Phase3</Filter>
    </ClInclude>
    <ClInclude Include="WallyFore.h">
      <Filter>Object\Wally\BackGround</Filter>
    </ClInclude>
    <ClInclude Include="GameContentsButton.h">
      <Filter>Object\Button</Filter>
    </ClInclude>
    <ClInclude Include="ExBullet.h">
      <Filter>Object\Player\AirPlane\PlayerWeapon</Filter>
    </ClInclude>
    <ClInclude Include="ShopLevel.h">
      <Filter>Levels</Filter>
    </ClInclude>
    <ClInclude Include="CircleTransEffect.h">
      <Filter>PostEffect</Filter>
    </ClInclude>
    <ClInclude Include="Shop_Pig.h">
      <Filter>Object\Shop</Filter>
    </ClInclude>
    <ClInclude Include="Drawer_L.h">
      <Filter>Object\Shop</Filter>
    </ClInclude>
    <ClInclude Include="ShopItem.h">
      <Filter>Object\Shop</Filter>
    </ClInclude>
    <ClInclude Include="OverWorldInteractObject.h">
      <Filter>Object\OverWrold</Filter>
    </ClInclude>
    <ClInclude Include="ResultBackGround.h">
      <Filter>Object\ResultPage\win</Filter>
    </ClInclude>
    <ClInclude Include="ResultBoard.h">
      <Filter>Object\ResultPage\win</Filter>
    </ClInclude>
    <ClInclude Include="Result_DeathUI.h">
      <Filter>Object\ResultPage\death</Filter>
    </ClInclude>
    <ClInclude Include="NumberRenderObject.h">
      <Filter>Object\ResultPage\win</Filter>
    </ClInclude>
    <ClInclude Include="LoadingLevel.h">
      <Filter>Control</Filter>
    </ClInclude>
  </ItemGroup>
  <ItemGroup>
    <ClCompile Include="ContentsCore.cpp" />
    <ClCompile Include="PlayLevel.cpp">
      <Filter>Levels</Filter>
    </ClCompile>
    <ClCompile Include="PrecompileHeader.cpp" />
    <ClCompile Include="TestLevel.cpp">
      <Filter>Levels</Filter>
    </ClCompile>
    <ClCompile Include="Zeppling.cpp">
      <Filter>Object\HildaBerg\Zeppling</Filter>
    </ClCompile>
    <ClCompile Include="ZepplingBullet.cpp">
      <Filter>Object\HildaBerg\Zeppling</Filter>
    </ClCompile>
    <ClCompile Include="ZepplingFSM.cpp">
      <Filter>Object\HildaBerg\Zeppling</Filter>
    </ClCompile>
    <ClCompile Include="HildaBergLevel.cpp">
      <Filter>Levels</Filter>
    </ClCompile>
    <ClCompile Include="Gemini.cpp">
      <Filter>Object\HildaBerg\Boss\Gemini</Filter>
    </ClCompile>
    <ClCompile Include="GeminiOrb.cpp">
      <Filter>Object\HildaBerg\Boss\Gemini</Filter>
    </ClCompile>
    <ClCompile Include="StoryLevel.cpp">
      <Filter>Levels</Filter>
    </ClCompile>
    <ClCompile Include="GeminiOrbScatter.cpp">
      <Filter>Object\HildaBerg\Boss\Gemini</Filter>
    </ClCompile>
    <ClCompile Include="Moon.cpp">
      <Filter>Object\HildaBerg\Boss\Moon</Filter>
    </ClCompile>
    <ClCompile Include="HIldaMoonUFO.cpp">
      <Filter>Object\HildaBerg\Boss\Moon</Filter>
    </ClCompile>
    <ClCompile Include="Sagittarius.cpp">
      <Filter>Object\HildaBerg\Boss\Sagittarius</Filter>
    </ClCompile>
    <ClCompile Include="SagittariusArrow.cpp">
      <Filter>Object\HildaBerg\Boss\Sagittarius</Filter>
    </ClCompile>
    <ClCompile Include="Hilda.cpp">
      <Filter>Object\HildaBerg\Boss\Hilda</Filter>
    </ClCompile>
    <ClCompile Include="HildaHA.cpp">
      <Filter>Object\HildaBerg\Boss\Hilda</Filter>
    </ClCompile>
    <ClCompile Include="HildaFSM.cpp">
      <Filter>Object\HildaBerg\Boss\Hilda</Filter>
    </ClCompile>
    <ClCompile Include="HildaTornado.cpp">
      <Filter>Object\HildaBerg\Boss\Hilda</Filter>
    </ClCompile>
    <ClCompile Include="Taurus.cpp">
      <Filter>Object\HildaBerg\Boss\Taurus</Filter>
    </ClCompile>
    <ClCompile Include="Constellation.cpp">
      <Filter>Object\HildaBerg\Boss</Filter>
    </ClCompile>
    <ClCompile Include="HildaBergBack1.cpp">
      <Filter>Object\HildaBerg\BackGround</Filter>
    </ClCompile>
    <ClCompile Include="HildaBergBack0.cpp">
      <Filter>Object\HildaBerg\BackGround</Filter>
    </ClCompile>
    <ClCompile Include="HildaBergBack3.cpp">
      <Filter>Object\HildaBerg\BackGround</Filter>
    </ClCompile>
    <ClCompile Include="HildaBoss.cpp">
      <Filter>Object\HildaBerg\Boss</Filter>
    </ClCompile>
    <ClCompile Include="HildaBergBack2.cpp">
      <Filter>Object\HildaBerg\BackGround</Filter>
    </ClCompile>
    <ClCompile Include="PlayerUI.cpp">
      <Filter>Object\UI</Filter>
    </ClCompile>
    <ClCompile Include="HildaBergBack.cpp">
      <Filter>Object\HildaBerg\BackGround</Filter>
    </ClCompile>
    <ClCompile Include="ZepplingBroken.cpp">
      <Filter>Object\HildaBerg\Zeppling</Filter>
    </ClCompile>
    <ClCompile Include="FadeEffect.cpp">
      <Filter>PostEffect</Filter>
    </ClCompile>
    <ClCompile Include="Contents_Resources.cpp" />
    <ClCompile Include="GameEnemy.cpp">
      <Filter>Object\Enermy</Filter>
    </ClCompile>
    <ClCompile Include="GameContentsUIRenderer.cpp">
      <Filter>Renderer</Filter>
    </ClCompile>
    <ClCompile Include="SagittariusStar.cpp">
      <Filter>Object\HildaBerg\Boss\Sagittarius</Filter>
    </ClCompile>
    <ClCompile Include="MoonStar.cpp">
      <Filter>Object\HildaBerg\Boss\Moon</Filter>
    </ClCompile>
    <ClCompile Include="PlayerAirPlaneSmokeEffect.cpp">
      <Filter>Object\Player\PlayerFX</Filter>
    </ClCompile>
    <ClCompile Include="BoomEffect.cpp">
      <Filter>Object\Player\PlayerFX</Filter>
    </ClCompile>
    <ClCompile Include="PeaShooter.cpp">
      <Filter>Object\Player\AirPlane\PlayerWeapon</Filter>
    </ClCompile>
    <ClCompile Include="HildaDashExplodeFX.cpp">
      <Filter>Object\HildaBerg\HildaFX</Filter>
    </ClCompile>
    <ClCompile Include="HildaDashBackExplodeFX.cpp">
      <Filter>Object\HildaBerg\HildaFX</Filter>
    </ClCompile>
    <ClCompile Include="HildaBigCloudFX.cpp">
      <Filter>Object\HildaBerg\HildaFX</Filter>
    </ClCompile>
    <ClCompile Include="PeashotFX.cpp">
      <Filter>Object\Player\AirPlane\PlayerWeapon</Filter>
    </ClCompile>
    <ClCompile Include="Player.cpp">
      <Filter>Object\Player</Filter>
    </ClCompile>
    <ClCompile Include="GetReadyUI.cpp">
      <Filter>Object\UI</Filter>
    </ClCompile>
    <ClCompile Include="ChangeSuperModeEffect.cpp">
      <Filter>Object\Player\PlayerFX</Filter>
    </ClCompile>
    <ClCompile Include="SupermodeShadowEffect.cpp">
      <Filter>Object\Player\PlayerFX</Filter>
    </ClCompile>
    <ClCompile Include="KnockOutUI.cpp">
      <Filter>Object\UI</Filter>
    </ClCompile>
    <ClCompile Include="TutorialLevel.cpp">
      <Filter>Levels</Filter>
    </ClCompile>
    <ClCompile Include="PlayerAirPlaneMode.cpp">
      <Filter>Object\Player\AirPlane</Filter>
    </ClCompile>
    <ClCompile Include="PlayerAirPlaneModeFSM.cpp">
      <Filter>Object\Player\AirPlane</Filter>
    </ClCompile>
    <ClCompile Include="ResultLevel.cpp">
      <Filter>Levels</Filter>
    </ClCompile>
    <ClCompile Include="GameContentsEnemyRenderer.cpp">
      <Filter>Renderer</Filter>
    </ClCompile>
    <ClCompile Include="StoryObject.cpp">
      <Filter>Object\Story</Filter>
    </ClCompile>
    <ClCompile Include="TutorialBackGround.cpp">
      <Filter>Object\Tutorial</Filter>
    </ClCompile>
    <ClCompile Include="TitleLevel.cpp">
      <Filter>Levels</Filter>
    </ClCompile>
    <ClCompile Include="CardUI.cpp">
      <Filter>Object\UI</Filter>
    </ClCompile>
    <ClCompile Include="OverWorldLevel.cpp">
      <Filter>Levels</Filter>
    </ClCompile>
    <ClCompile Include="HildaBergBack4.cpp">
      <Filter>Object\HildaBerg\BackGround</Filter>
    </ClCompile>
    <ClCompile Include="HildaBergBack5.cpp">
      <Filter>Object\HildaBerg\BackGround</Filter>
    </ClCompile>
    <ClCompile Include="LoadingBackGround.cpp">
      <Filter>Object\Loading</Filter>
    </ClCompile>
    <ClCompile Include="OverWorldBack.cpp">
      <Filter>Object\OverWrold</Filter>
    </ClCompile>
    <ClCompile Include="PlayerOverWorldMode.cpp">
      <Filter>Object\Player\OverWorld</Filter>
    </ClCompile>
    <ClCompile Include="PlayerOverWorldModeFSM.cpp">
      <Filter>Object\Player\OverWorld</Filter>
    </ClCompile>
    <ClCompile Include="postitionkit.cpp">
      <Filter>IMGUI</Filter>
    </ClCompile>
    <ClCompile Include="OverWorldBush.cpp">
      <Filter>Object\OverWrold</Filter>
    </ClCompile>
    <ClCompile Include="WallyLevel.cpp">
      <Filter>Levels</Filter>
    </ClCompile>
    <ClCompile Include="WallyBoss.cpp">
      <Filter>Object\Wally\Boss</Filter>
    </ClCompile>
    <ClCompile Include="YouDieUI.cpp">
      <Filter>Object\UI</Filter>
    </ClCompile>
    <ClCompile Include="WallyBack.cpp">
      <Filter>Object\Wally\BackGround</Filter>
    </ClCompile>
    <ClCompile Include="ContentsSortRenderer.cpp">
      <Filter>Renderer</Filter>
    </ClCompile>
    <ClCompile Include="Wally1.cpp">
      <Filter>Object\Wally\Boss\Phase1</Filter>
    </ClCompile>
    <ClCompile Include="Wally1FSM.cpp">
      <Filter>Object\Wally\Boss\Phase1</Filter>
    </ClCompile>
    <ClCompile Include="Wally1_Egg_Spin.cpp">
      <Filter>Object\Wally\Boss\Phase1</Filter>
    </ClCompile>
    <ClCompile Include="Wally1_Egg_Pieces.cpp">
      <Filter>Object\Wally\Boss\Phase1</Filter>
    </ClCompile>
    <ClCompile Include="OldFilmEffect.cpp">
      <Filter>PostEffect</Filter>
    </ClCompile>
    <ClCompile Include="Wally1_Bullet.cpp">
      <Filter>Object\Wally\Boss\Phase1</Filter>
    </ClCompile>
    <ClCompile Include="Wally1_Feather.cpp">
      <Filter>Object\Wally\Boss\Phase1</Filter>
    </ClCompile>
    <ClCompile Include="FlappyBird.cpp">
      <Filter>Object\Wally\Boss\Phase1</Filter>
    </ClCompile>
    <ClCompile Include="Wally2.cpp">
      <Filter>Object\Wally\Boss\Phase2</Filter>
    </ClCompile>
    <ClCompile Include="Wally2FSM.cpp">
      <Filter>Object\Wally\Boss\Phase2</Filter>
    </ClCompile>
    <ClCompile Include="Wally2_Bullet.cpp">
      <Filter>Object\Wally\Boss\Phase2</Filter>
    </ClCompile>
    <ClCompile Include="Wally2_Egg.cpp">
      <Filter>Object\Wally\Boss\Phase2</Filter>
    </ClCompile>
    <ClCompile Include="Wally1_House_Death.cpp">
      <Filter>Object\Wally\Boss\Phase2</Filter>
    </ClCompile>
    <ClCompile Include="Wally3.cpp">
      <Filter>Object\Wally\Boss\Phase3</Filter>
    </ClCompile>
    <ClCompile Include="Wally3FSM.cpp">
      <Filter>Object\Wally\Boss\Phase3</Filter>
    </ClCompile>
    <ClCompile Include="Wally3_LeftBird.cpp">
      <Filter>Object\Wally\Boss\Phase3</Filter>
    </ClCompile>
    <ClCompile Include="Wally3_RightBird.cpp">
      <Filter>Object\Wally\Boss\Phase3</Filter>
    </ClCompile>
    <ClCompile Include="Wally3_Salt.cpp">
      <Filter>Object\Wally\Boss\Phase3</Filter>
    </ClCompile>
    <ClCompile Include="Wally3_Pepper.cpp">
      <Filter>Object\Wally\Boss\Phase3</Filter>
    </ClCompile>
    <ClCompile Include="Wally3_Pill.cpp">
      <Filter>Object\Wally\Boss\Phase3</Filter>
    </ClCompile>
    <ClCompile Include="Wally3_Pill_Piece.cpp">
      <Filter>Object\Wally\Boss\Phase3</Filter>
    </ClCompile>
    <ClCompile Include="Wally3_Garbages.cpp">
      <Filter>Object\Wally\Boss\Phase3</Filter>
    </ClCompile>
    <ClCompile Include="Wally3_Heart.cpp">
      <Filter>Object\Wally\Boss\Phase3</Filter>
    </ClCompile>
    <ClCompile Include="WallyFore.cpp">
      <Filter>Object\Wally\BackGround</Filter>
    </ClCompile>
    <ClCompile Include="GameContentsButton.cpp">
      <Filter>Object\Button</Filter>
    </ClCompile>
    <ClCompile Include="ExBullet.cpp">
      <Filter>Object\Player\AirPlane\PlayerWeapon</Filter>
    </ClCompile>
    <ClCompile Include="ShopLevel.cpp">
      <Filter>Levels</Filter>
    </ClCompile>
    <ClCompile Include="CircleTransEffect.cpp">
      <Filter>PostEffect</Filter>
    </ClCompile>
    <ClCompile Include="Shop_Pig.cpp">
      <Filter>Object\Shop</Filter>
    </ClCompile>
    <ClCompile Include="Drawer_L.cpp">
      <Filter>Object\Shop</Filter>
    </ClCompile>
    <ClCompile Include="ShopItem.cpp">
      <Filter>Object\Shop</Filter>
    </ClCompile>
    <ClCompile Include="OverWorldInteractObject.cpp">
      <Filter>Object\OverWrold</Filter>
    </ClCompile>
    <ClCompile Include="ResultBackGround.cpp">
      <Filter>Object\ResultPage\win</Filter>
    </ClCompile>
    <ClCompile Include="ResultBoard.cpp">
      <Filter>Object\ResultPage\win</Filter>
    </ClCompile>
    <ClCompile Include="Result_DeathUI.cpp">
      <Filter>Object\ResultPage\death</Filter>
    </ClCompile>
    <ClCompile Include="NumberRenderObject.cpp">
      <Filter>Object\ResultPage\win</Filter>
    </ClCompile>
    <ClCompile Include="LoadingLevel.cpp">
      <Filter>Control</Filter>
    </ClCompile>
  </ItemGroup>
  <ItemGroup>
    <Filter Include="Levels">
      <UniqueIdentifier>{3d17108a-64cc-412c-add8-c9f82f90c9e4}</UniqueIdentifier>
    </Filter>
    <Filter Include="Object">
      <UniqueIdentifier>{df11f953-5c45-4952-85fb-a35bec5d2a60}</UniqueIdentifier>
    </Filter>
    <Filter Include="Object\Player">
      <UniqueIdentifier>{e7adc67c-0283-495a-aaa9-0ae686da5684}</UniqueIdentifier>
    </Filter>
    <Filter Include="Object\HildaBerg">
      <UniqueIdentifier>{976a9281-acf5-46a9-9e9d-4b8d15e686b4}</UniqueIdentifier>
    </Filter>
    <Filter Include="Object\HildaBerg\Zeppling">
      <UniqueIdentifier>{9d644093-d1b7-4645-8400-b6acdc118cff}</UniqueIdentifier>
    </Filter>
    <Filter Include="Object\HildaBerg\Boss">
      <UniqueIdentifier>{50503fed-aa62-4064-a8b7-3e49b6630a41}</UniqueIdentifier>
    </Filter>
    <Filter Include="Object\HildaBerg\Boss\Gemini">
      <UniqueIdentifier>{ae8d24fa-934a-4998-82a5-a062d86fc038}</UniqueIdentifier>
    </Filter>
    <Filter Include="Object\HildaBerg\Boss\Moon">
      <UniqueIdentifier>{f957530c-b2ba-4945-9ca7-a56397d718a9}</UniqueIdentifier>
    </Filter>
    <Filter Include="Object\HildaBerg\Boss\Sagittarius">
      <UniqueIdentifier>{ecd41479-fdd4-4133-a550-fde0922c2d51}</UniqueIdentifier>
    </Filter>
    <Filter Include="Object\HildaBerg\Boss\Hilda">
      <UniqueIdentifier>{2d836fdd-a29b-4419-9f14-960ee19af8b8}</UniqueIdentifier>
    </Filter>
    <Filter Include="Object\HildaBerg\Boss\Taurus">
      <UniqueIdentifier>{cdec2553-cc9b-4801-8519-715cc534a267}</UniqueIdentifier>
    </Filter>
    <Filter Include="Object\HildaBerg\BackGround">
      <UniqueIdentifier>{f69b685b-52d1-4860-89dc-11d186cc729d}</UniqueIdentifier>
    </Filter>
    <Filter Include="Object\UI">
      <UniqueIdentifier>{550ac69d-4a2d-4d6a-8149-f26dce75adc3}</UniqueIdentifier>
    </Filter>
    <Filter Include="Renderer">
      <UniqueIdentifier>{216717de-ca5b-4eeb-b55a-a9aa3cee7921}</UniqueIdentifier>
    </Filter>
    <Filter Include="PostEffect">
      <UniqueIdentifier>{efe8a6b9-40c2-4473-804a-d91690d9b784}</UniqueIdentifier>
    </Filter>
    <Filter Include="Object\Enermy">
      <UniqueIdentifier>{38a85205-c060-4ebf-a603-11b466ada88a}</UniqueIdentifier>
    </Filter>
    <Filter Include="Object\HildaBerg\HildaFX">
      <UniqueIdentifier>{39a0df52-ad1c-47d3-b07d-41cf61496ab1}</UniqueIdentifier>
    </Filter>
    <Filter Include="Object\Player\AirPlane">
      <UniqueIdentifier>{af8d013d-92f5-450b-b47f-826f3a4f7b1b}</UniqueIdentifier>
    </Filter>
    <Filter Include="Object\Player\PlayerFX">
      <UniqueIdentifier>{c18bd24c-73e4-4bf7-8a20-648459c99a07}</UniqueIdentifier>
    </Filter>
    <Filter Include="Object\Player\AirPlane\PlayerWeapon">
      <UniqueIdentifier>{ddd14ce1-bd03-40ca-ab60-75b279f5d4a1}</UniqueIdentifier>
    </Filter>
    <Filter Include="Object\Story">
      <UniqueIdentifier>{c1fe4847-88d5-4c7f-a1e9-41ff87b4d197}</UniqueIdentifier>
    </Filter>
    <Filter Include="Object\Tutorial">
      <UniqueIdentifier>{de2086d0-e01b-443d-be37-27e18dcd7f97}</UniqueIdentifier>
    </Filter>
    <Filter Include="Object\ResultPage">
      <UniqueIdentifier>{a2424ace-ec0c-446b-8592-65e41c4f55a5}</UniqueIdentifier>
    </Filter>
    <Filter Include="Object\Loading">
      <UniqueIdentifier>{a21f22e8-463f-4eee-90a0-3425bda9e4b0}</UniqueIdentifier>
    </Filter>
    <Filter Include="Object\OverWrold">
      <UniqueIdentifier>{f45a156a-7d09-4c30-a950-d74e09665f32}</UniqueIdentifier>
    </Filter>
    <Filter Include="Object\Player\OverWorld">
      <UniqueIdentifier>{f23ee28a-7c32-4e33-91c4-dfa04cb3ce76}</UniqueIdentifier>
    </Filter>
    <Filter Include="IMGUI">
      <UniqueIdentifier>{8353a534-8ec0-47de-9782-0be3be228fcb}</UniqueIdentifier>
    </Filter>
    <Filter Include="Object\Wally">
      <UniqueIdentifier>{950055ab-d38c-44c1-8058-28bfcc6b9a62}</UniqueIdentifier>
    </Filter>
    <Filter Include="Object\Wally\Boss">
      <UniqueIdentifier>{e39d270a-1c22-49c0-a1df-10717ff466aa}</UniqueIdentifier>
    </Filter>
    <Filter Include="Object\Wally\BackGround">
      <UniqueIdentifier>{646c7f75-64cd-4504-b7b8-4cd6a72062cc}</UniqueIdentifier>
    </Filter>
    <Filter Include="Object\Wally\Boss\Phase1">
      <UniqueIdentifier>{23be4837-dfb1-46cc-90a0-0b64dd71bfb0}</UniqueIdentifier>
    </Filter>
    <Filter Include="Object\Wally\Boss\Phase2">
      <UniqueIdentifier>{5fdbc924-3722-47a9-924c-577d18c7ee69}</UniqueIdentifier>
    </Filter>
    <Filter Include="Object\Wally\Boss\Phase3">
      <UniqueIdentifier>{64c5eb40-2f13-4c9f-a36f-c975d3dec4d9}</UniqueIdentifier>
    </Filter>
    <Filter Include="Object\Button">
      <UniqueIdentifier>{baacf87d-5c12-4e1c-968d-c7d9574c6487}</UniqueIdentifier>
    </Filter>
    <Filter Include="Object\Shop">
      <UniqueIdentifier>{0df1731f-26a6-477b-aba6-34791b3dee52}</UniqueIdentifier>
    </Filter>
    <Filter Include="Object\ResultPage\win">
      <UniqueIdentifier>{0bfb14a5-c49d-4a78-9353-7eca58bbd82f}</UniqueIdentifier>
    </Filter>
    <Filter Include="Object\ResultPage\death">
      <UniqueIdentifier>{ce070472-b8de-4549-b259-83ea35d418ec}</UniqueIdentifier>
    </Filter>
    <Filter Include="Control">
      <UniqueIdentifier>{29f99ec4-c00d-4333-896a-480b19374a2d}</UniqueIdentifier>
    </Filter>
  </ItemGroup>
</Project>